{
    "_readme": [
        "This file locks the dependencies of your project to a known state",
        "Read more about it at https://getcomposer.org/doc/01-basic-usage.md#installing-dependencies",
        "This file is @generated automatically"
    ],
    "content-hash": "d329d317743e0f665adb4f3de7d472d5",
    "packages": [
        {
            "name": "composer/semver",
            "version": "3.4.0",
            "source": {
                "type": "git",
                "url": "https://github.com/composer/semver.git",
                "reference": "35e8d0af4486141bc745f23a29cc2091eb624a32"
            },
            "dist": {
                "type": "zip",
                "url": "https://api.github.com/repos/composer/semver/zipball/35e8d0af4486141bc745f23a29cc2091eb624a32",
                "reference": "35e8d0af4486141bc745f23a29cc2091eb624a32",
                "shasum": ""
            },
            "require": {
                "php": "^5.3.2 || ^7.0 || ^8.0"
            },
            "require-dev": {
                "phpstan/phpstan": "^1.4",
                "symfony/phpunit-bridge": "^4.2 || ^5"
            },
            "type": "library",
            "extra": {
                "branch-alias": {
                    "dev-main": "3.x-dev"
                }
            },
            "autoload": {
                "psr-4": {
                    "Composer\\Semver\\": "src"
                }
            },
            "notification-url": "https://packagist.org/downloads/",
            "license": [
                "MIT"
            ],
            "authors": [
                {
                    "name": "Nils Adermann",
                    "email": "naderman@naderman.de",
                    "homepage": "http://www.naderman.de"
                },
                {
                    "name": "Jordi Boggiano",
                    "email": "j.boggiano@seld.be",
                    "homepage": "http://seld.be"
                },
                {
                    "name": "Rob Bast",
                    "email": "rob.bast@gmail.com",
                    "homepage": "http://robbast.nl"
                }
            ],
            "description": "Semver library that offers utilities, version constraint parsing and validation.",
            "keywords": [
                "semantic",
                "semver",
                "validation",
                "versioning"
            ],
            "support": {
                "irc": "ircs://irc.libera.chat:6697/composer",
                "issues": "https://github.com/composer/semver/issues",
                "source": "https://github.com/composer/semver/tree/3.4.0"
            },
            "funding": [
                {
                    "url": "https://packagist.com",
                    "type": "custom"
                },
                {
                    "url": "https://github.com/composer",
                    "type": "github"
                },
                {
                    "url": "https://tidelift.com/funding/github/packagist/composer/composer",
                    "type": "tidelift"
                }
            ],
            "time": "2023-08-31T09:50:34+00:00"
        },
        {
            "name": "php-http/discovery",
            "version": "1.19.1",
            "source": {
                "type": "git",
                "url": "https://github.com/php-http/discovery.git",
                "reference": "57f3de01d32085fea20865f9b16fb0e69347c39e"
            },
            "dist": {
                "type": "zip",
                "url": "https://api.github.com/repos/php-http/discovery/zipball/57f3de01d32085fea20865f9b16fb0e69347c39e",
                "reference": "57f3de01d32085fea20865f9b16fb0e69347c39e",
                "shasum": ""
            },
            "require": {
                "composer-plugin-api": "^1.0|^2.0",
                "php": "^7.1 || ^8.0"
            },
            "conflict": {
                "nyholm/psr7": "<1.0",
                "zendframework/zend-diactoros": "*"
            },
            "provide": {
                "php-http/async-client-implementation": "*",
                "php-http/client-implementation": "*",
                "psr/http-client-implementation": "*",
                "psr/http-factory-implementation": "*",
                "psr/http-message-implementation": "*"
            },
            "require-dev": {
                "composer/composer": "^1.0.2|^2.0",
                "graham-campbell/phpspec-skip-example-extension": "^5.0",
                "php-http/httplug": "^1.0 || ^2.0",
                "php-http/message-factory": "^1.0",
                "phpspec/phpspec": "^5.1 || ^6.1 || ^7.3",
                "symfony/phpunit-bridge": "^6.2"
            },
            "type": "composer-plugin",
            "extra": {
                "class": "Http\\Discovery\\Composer\\Plugin",
                "plugin-optional": true
            },
            "autoload": {
                "psr-4": {
                    "Http\\Discovery\\": "src/"
                },
                "exclude-from-classmap": [
                    "src/Composer/Plugin.php"
                ]
            },
            "notification-url": "https://packagist.org/downloads/",
            "license": [
                "MIT"
            ],
            "authors": [
                {
                    "name": "Márk Sági-Kazár",
                    "email": "mark.sagikazar@gmail.com"
                }
            ],
            "description": "Finds and installs PSR-7, PSR-17, PSR-18 and HTTPlug implementations",
            "homepage": "http://php-http.org",
            "keywords": [
                "adapter",
                "client",
                "discovery",
                "factory",
                "http",
                "message",
                "psr17",
                "psr7"
            ],
            "support": {
                "issues": "https://github.com/php-http/discovery/issues",
                "source": "https://github.com/php-http/discovery/tree/1.19.1"
            },
            "time": "2023-07-11T07:02:26+00:00"
        },
        {
            "name": "php-http/httplug",
            "version": "2.4.0",
            "source": {
                "type": "git",
                "url": "https://github.com/php-http/httplug.git",
                "reference": "625ad742c360c8ac580fcc647a1541d29e257f67"
            },
            "dist": {
                "type": "zip",
                "url": "https://api.github.com/repos/php-http/httplug/zipball/625ad742c360c8ac580fcc647a1541d29e257f67",
                "reference": "625ad742c360c8ac580fcc647a1541d29e257f67",
                "shasum": ""
            },
            "require": {
                "php": "^7.1 || ^8.0",
                "php-http/promise": "^1.1",
                "psr/http-client": "^1.0",
                "psr/http-message": "^1.0 || ^2.0"
            },
            "require-dev": {
                "friends-of-phpspec/phpspec-code-coverage": "^4.1 || ^5.0 || ^6.0",
                "phpspec/phpspec": "^5.1 || ^6.0 || ^7.0"
            },
            "type": "library",
            "autoload": {
                "psr-4": {
                    "Http\\Client\\": "src/"
                }
            },
            "notification-url": "https://packagist.org/downloads/",
            "license": [
                "MIT"
            ],
            "authors": [
                {
                    "name": "Eric GELOEN",
                    "email": "geloen.eric@gmail.com"
                },
                {
                    "name": "Márk Sági-Kazár",
                    "email": "mark.sagikazar@gmail.com",
                    "homepage": "https://sagikazarmark.hu"
                }
            ],
            "description": "HTTPlug, the HTTP client abstraction for PHP",
            "homepage": "http://httplug.io",
            "keywords": [
                "client",
                "http"
            ],
            "support": {
                "issues": "https://github.com/php-http/httplug/issues",
                "source": "https://github.com/php-http/httplug/tree/2.4.0"
            },
            "time": "2023-04-14T15:10:03+00:00"
        },
        {
            "name": "php-http/promise",
            "version": "1.1.0",
            "source": {
                "type": "git",
                "url": "https://github.com/php-http/promise.git",
                "reference": "4c4c1f9b7289a2ec57cde7f1e9762a5789506f88"
            },
            "dist": {
                "type": "zip",
                "url": "https://api.github.com/repos/php-http/promise/zipball/4c4c1f9b7289a2ec57cde7f1e9762a5789506f88",
                "reference": "4c4c1f9b7289a2ec57cde7f1e9762a5789506f88",
                "shasum": ""
            },
            "require": {
                "php": "^7.1 || ^8.0"
            },
            "require-dev": {
                "friends-of-phpspec/phpspec-code-coverage": "^4.3.2",
                "phpspec/phpspec": "^5.1.2 || ^6.2"
            },
            "type": "library",
            "extra": {
                "branch-alias": {
                    "dev-master": "1.1-dev"
                }
            },
            "autoload": {
                "psr-4": {
                    "Http\\Promise\\": "src/"
                }
            },
            "notification-url": "https://packagist.org/downloads/",
            "license": [
                "MIT"
            ],
            "authors": [
                {
                    "name": "Joel Wurtz",
                    "email": "joel.wurtz@gmail.com"
                },
                {
                    "name": "Márk Sági-Kazár",
                    "email": "mark.sagikazar@gmail.com"
                }
            ],
            "description": "Promise used for asynchronous HTTP requests",
            "homepage": "http://httplug.io",
            "keywords": [
                "promise"
            ],
            "support": {
                "issues": "https://github.com/php-http/promise/issues",
                "source": "https://github.com/php-http/promise/tree/1.1.0"
            },
            "time": "2020-07-07T09:29:14+00:00"
        },
        {
            "name": "psr-discovery/discovery",
            "version": "1.0.2",
            "source": {
                "type": "git",
                "url": "https://github.com/psr-discovery/discovery.git",
                "reference": "83e746a138705d56f8e3dc102e28c79f32ae9b54"
            },
            "dist": {
                "type": "zip",
                "url": "https://api.github.com/repos/psr-discovery/discovery/zipball/83e746a138705d56f8e3dc102e28c79f32ae9b54",
                "reference": "83e746a138705d56f8e3dc102e28c79f32ae9b54",
                "shasum": ""
            },
            "require": {
                "composer/semver": "^3.0",
                "php": "^8.0"
            },
            "require-dev": {
                "friendsofphp/php-cs-fixer": "^3.14",
                "infection/infection": "^0.26",
                "mockery/mockery": "^1.5",
                "pestphp/pest": "^2.0",
                "phpstan/phpstan": "^1.10",
                "phpstan/phpstan-strict-rules": "^1.5",
                "rector/rector": "^0.15",
                "vimeo/psalm": "^5.8",
                "wikimedia/composer-merge-plugin": "^2.0"
            },
            "type": "library",
            "extra": {
                "merge-plugin": {
                    "ignore-duplicates": false,
                    "include": [
                        "composer.local.json"
                    ],
                    "merge-dev": true,
                    "merge-extra": false,
                    "merge-extra-deep": false,
                    "merge-scripts": false,
                    "recurse": true,
                    "replace": true
                }
            },
            "autoload": {
                "psr-4": {
                    "PsrDiscovery\\": "src"
                }
            },
            "notification-url": "https://packagist.org/downloads/",
            "license": [
                "MIT"
            ],
            "authors": [
                {
                    "name": "Evan Sims",
                    "email": "hello@evansims.com",
                    "homepage": "https://evansims.com/"
                }
            ],
            "description": "Lightweight library that discovers available PSR implementations by searching for a list of well-known classes that implement the relevant interfaces, and returning an instance of the first one that is found.",
            "homepage": "https://github.com/psr-discovery/discovery",
            "keywords": [
                "PSR-11",
                "discovery",
                "psr",
                "psr-14",
                "psr-17",
                "psr-18",
                "psr-3",
                "psr-6"
            ],
            "support": {
                "issues": "https://github.com/psr-discovery/discovery/issues",
                "source": "https://github.com/psr-discovery/discovery/tree/1.0.2"
            },
            "time": "2023-03-27T19:49:39+00:00"
        },
        {
            "name": "psr-discovery/log-implementations",
            "version": "1.0.0",
            "source": {
                "type": "git",
                "url": "https://github.com/psr-discovery/log-implementations.git",
                "reference": "7be7af9bb1bf41a4985356b16cc654e0227eed38"
            },
            "dist": {
                "type": "zip",
                "url": "https://api.github.com/repos/psr-discovery/log-implementations/zipball/7be7af9bb1bf41a4985356b16cc654e0227eed38",
                "reference": "7be7af9bb1bf41a4985356b16cc654e0227eed38",
                "shasum": ""
            },
            "require": {
                "php": "^8.0",
                "psr-discovery/discovery": "^1.0",
                "psr/log": "^1.0 | ^2.0 | ^3.0"
            },
            "require-dev": {
                "friendsofphp/php-cs-fixer": "^3.14",
                "infection/infection": "^0.26",
                "mockery/mockery": "^1.5",
                "pestphp/pest": "^2.0",
                "phpstan/phpstan": "^1.10",
                "phpstan/phpstan-strict-rules": "^1.5",
                "rector/rector": "^0.15",
                "vimeo/psalm": "^5.8",
                "wikimedia/composer-merge-plugin": "^2.0"
            },
            "type": "library",
            "extra": {
                "merge-plugin": {
                    "ignore-duplicates": false,
                    "include": [
                        "composer.local.json"
                    ],
                    "merge-dev": true,
                    "merge-extra": false,
                    "merge-extra-deep": false,
                    "merge-scripts": false,
                    "recurse": true,
                    "replace": true
                }
            },
            "autoload": {
                "psr-4": {
                    "PsrDiscovery\\": "src"
                }
            },
            "notification-url": "https://packagist.org/downloads/",
            "license": [
                "MIT"
            ],
            "authors": [
                {
                    "name": "Evan Sims",
                    "email": "hello@evansims.com",
                    "homepage": "https://evansims.com/"
                }
            ],
            "description": "Lightweight library that discovers available PSR-3 Log implementations by searching for a list of well-known classes that implement the relevant interface, and returns an instance of the first one that is found.",
            "homepage": "https://github.com/psr-discovery",
            "keywords": [
                "discovery",
                "log",
                "log-implementation",
                "psr",
                "psr-3"
            ],
            "support": {
                "issues": "https://github.com/psr-discovery/log-implementations/issues",
                "source": "https://github.com/psr-discovery/log-implementations/tree/1.0.0"
            },
            "time": "2023-03-27T06:14:11+00:00"
        },
        {
            "name": "psr/http-client",
            "version": "1.0.3",
            "source": {
                "type": "git",
                "url": "https://github.com/php-fig/http-client.git",
                "reference": "bb5906edc1c324c9a05aa0873d40117941e5fa90"
            },
            "dist": {
                "type": "zip",
                "url": "https://api.github.com/repos/php-fig/http-client/zipball/bb5906edc1c324c9a05aa0873d40117941e5fa90",
                "reference": "bb5906edc1c324c9a05aa0873d40117941e5fa90",
                "shasum": ""
            },
            "require": {
                "php": "^7.0 || ^8.0",
                "psr/http-message": "^1.0 || ^2.0"
            },
            "type": "library",
            "extra": {
                "branch-alias": {
                    "dev-master": "1.0.x-dev"
                }
            },
            "autoload": {
                "psr-4": {
                    "Psr\\Http\\Client\\": "src/"
                }
            },
            "notification-url": "https://packagist.org/downloads/",
            "license": [
                "MIT"
            ],
            "authors": [
                {
                    "name": "PHP-FIG",
                    "homepage": "https://www.php-fig.org/"
                }
            ],
            "description": "Common interface for HTTP clients",
            "homepage": "https://github.com/php-fig/http-client",
            "keywords": [
                "http",
                "http-client",
                "psr",
                "psr-18"
            ],
            "support": {
                "source": "https://github.com/php-fig/http-client"
            },
            "time": "2023-09-23T14:17:50+00:00"
        },
        {
            "name": "psr/http-factory",
            "version": "1.0.2",
            "source": {
                "type": "git",
                "url": "https://github.com/php-fig/http-factory.git",
                "reference": "e616d01114759c4c489f93b099585439f795fe35"
            },
            "dist": {
                "type": "zip",
                "url": "https://api.github.com/repos/php-fig/http-factory/zipball/e616d01114759c4c489f93b099585439f795fe35",
                "reference": "e616d01114759c4c489f93b099585439f795fe35",
                "shasum": ""
            },
            "require": {
                "php": ">=7.0.0",
                "psr/http-message": "^1.0 || ^2.0"
            },
            "type": "library",
            "extra": {
                "branch-alias": {
                    "dev-master": "1.0.x-dev"
                }
            },
            "autoload": {
                "psr-4": {
                    "Psr\\Http\\Message\\": "src/"
                }
            },
            "notification-url": "https://packagist.org/downloads/",
            "license": [
                "MIT"
            ],
            "authors": [
                {
                    "name": "PHP-FIG",
                    "homepage": "https://www.php-fig.org/"
                }
            ],
            "description": "Common interfaces for PSR-7 HTTP message factories",
            "keywords": [
                "factory",
                "http",
                "message",
                "psr",
                "psr-17",
                "psr-7",
                "request",
                "response"
            ],
            "support": {
                "source": "https://github.com/php-fig/http-factory/tree/1.0.2"
            },
            "time": "2023-04-10T20:10:41+00:00"
        },
        {
            "name": "psr/http-message",
            "version": "2.0",
            "source": {
                "type": "git",
                "url": "https://github.com/php-fig/http-message.git",
                "reference": "402d35bcb92c70c026d1a6a9883f06b2ead23d71"
            },
            "dist": {
                "type": "zip",
                "url": "https://api.github.com/repos/php-fig/http-message/zipball/402d35bcb92c70c026d1a6a9883f06b2ead23d71",
                "reference": "402d35bcb92c70c026d1a6a9883f06b2ead23d71",
                "shasum": ""
            },
            "require": {
                "php": "^7.2 || ^8.0"
            },
            "type": "library",
            "extra": {
                "branch-alias": {
                    "dev-master": "2.0.x-dev"
                }
            },
            "autoload": {
                "psr-4": {
                    "Psr\\Http\\Message\\": "src/"
                }
            },
            "notification-url": "https://packagist.org/downloads/",
            "license": [
                "MIT"
            ],
            "authors": [
                {
                    "name": "PHP-FIG",
                    "homepage": "https://www.php-fig.org/"
                }
            ],
            "description": "Common interface for HTTP messages",
            "homepage": "https://github.com/php-fig/http-message",
            "keywords": [
                "http",
                "http-message",
                "psr",
                "psr-7",
                "request",
                "response"
            ],
            "support": {
                "source": "https://github.com/php-fig/http-message/tree/2.0"
            },
            "time": "2023-04-04T09:54:51+00:00"
        },
        {
            "name": "psr/log",
            "version": "3.0.0",
            "source": {
                "type": "git",
                "url": "https://github.com/php-fig/log.git",
                "reference": "fe5ea303b0887d5caefd3d431c3e61ad47037001"
            },
            "dist": {
                "type": "zip",
                "url": "https://api.github.com/repos/php-fig/log/zipball/fe5ea303b0887d5caefd3d431c3e61ad47037001",
                "reference": "fe5ea303b0887d5caefd3d431c3e61ad47037001",
                "shasum": ""
            },
            "require": {
                "php": ">=8.0.0"
            },
            "type": "library",
            "extra": {
                "branch-alias": {
                    "dev-master": "3.x-dev"
                }
            },
            "autoload": {
                "psr-4": {
                    "Psr\\Log\\": "src"
                }
            },
            "notification-url": "https://packagist.org/downloads/",
            "license": [
                "MIT"
            ],
            "authors": [
                {
                    "name": "PHP-FIG",
                    "homepage": "https://www.php-fig.org/"
                }
            ],
            "description": "Common interface for logging libraries",
            "homepage": "https://github.com/php-fig/log",
            "keywords": [
                "log",
                "psr",
                "psr-3"
            ],
            "support": {
                "source": "https://github.com/php-fig/log/tree/3.0.0"
            },
            "time": "2021-07-14T16:46:02+00:00"
        },
        {
            "name": "shanginn/telegram-bot-api-bindings",
            "version": "0.2.0",
            "source": {
                "type": "git",
                "url": "https://github.com/shanginn/telegram-bot-api-php-bindings.git",
                "reference": "dc4f7a2b5076e041eeb8b290108c14e4a6d0b318"
            },
            "dist": {
                "type": "zip",
                "url": "https://api.github.com/repos/shanginn/telegram-bot-api-php-bindings/zipball/dc4f7a2b5076e041eeb8b290108c14e4a6d0b318",
                "reference": "dc4f7a2b5076e041eeb8b290108c14e4a6d0b318",
                "shasum": ""
            },
            "require": {
                "php": "^8.0"
            },
            "require-dev": {
                "erickskrauch/php-cs-fixer-custom-fixers": "^1.2",
                "friendsofphp/php-cs-fixer": "^3.34",
                "symfony/var-dumper": "^6.3"
            },
            "type": "library",
            "autoload": {
                "psr-4": {
                    "Shanginn\\TelegramBotApiBindings\\": "src/"
                }
            },
            "notification-url": "https://packagist.org/downloads/",
            "license": [
                "MIT"
            ],
            "authors": [
                {
                    "name": "Nikolai Shangin",
                    "email": "shanginn@gmail.com"
                }
            ],
            "description": "Low level type-safe PHP bindings for the Telegram Bot API",
            "support": {
                "issues": "https://github.com/shanginn/telegram-bot-api-php-bindings/issues",
                "source": "https://github.com/shanginn/telegram-bot-api-php-bindings/tree/0.2.0"
            },
            "time": "2023-10-11T06:10:37+00:00"
        }
    ],
    "packages-dev": [
        {
            "name": "symfony/deprecation-contracts",
            "version": "v3.3.0",
            "source": {
                "type": "git",
                "url": "https://github.com/symfony/deprecation-contracts.git",
                "reference": "7c3aff79d10325257a001fcf92d991f24fc967cf"
            },
            "dist": {
                "type": "zip",
                "url": "https://api.github.com/repos/symfony/deprecation-contracts/zipball/7c3aff79d10325257a001fcf92d991f24fc967cf",
                "reference": "7c3aff79d10325257a001fcf92d991f24fc967cf",
                "shasum": ""
            },
            "require": {
                "php": ">=8.1"
            },
            "type": "library",
            "extra": {
                "branch-alias": {
                    "dev-main": "3.4-dev"
                },
                "thanks": {
                    "name": "symfony/contracts",
                    "url": "https://github.com/symfony/contracts"
                }
            },
            "autoload": {
                "files": [
                    "function.php"
                ]
            },
            "notification-url": "https://packagist.org/downloads/",
            "license": [
                "MIT"
            ],
            "authors": [
                {
                    "name": "Nicolas Grekas",
                    "email": "p@tchwork.com"
                },
                {
                    "name": "Symfony Community",
                    "homepage": "https://symfony.com/contributors"
                }
            ],
            "description": "A generic function and convention to trigger deprecation notices",
            "homepage": "https://symfony.com",
            "support": {
                "source": "https://github.com/symfony/deprecation-contracts/tree/v3.3.0"
            },
            "funding": [
                {
                    "url": "https://symfony.com/sponsor",
                    "type": "custom"
                },
                {
                    "url": "https://github.com/fabpot",
                    "type": "github"
                },
                {
                    "url": "https://tidelift.com/funding/github/packagist/symfony/symfony",
                    "type": "tidelift"
                }
            ],
            "time": "2023-05-23T14:45:45+00:00"
        },
        {
            "name": "symfony/polyfill-mbstring",
            "version": "v1.28.0",
            "source": {
                "type": "git",
                "url": "https://github.com/symfony/polyfill-mbstring.git",
                "reference": "42292d99c55abe617799667f454222c54c60e229"
            },
            "dist": {
                "type": "zip",
                "url": "https://api.github.com/repos/symfony/polyfill-mbstring/zipball/42292d99c55abe617799667f454222c54c60e229",
                "reference": "42292d99c55abe617799667f454222c54c60e229",
                "shasum": ""
            },
            "require": {
                "php": ">=7.1"
            },
            "provide": {
                "ext-mbstring": "*"
            },
            "suggest": {
                "ext-mbstring": "For best performance"
            },
            "type": "library",
            "extra": {
                "branch-alias": {
                    "dev-main": "1.28-dev"
                },
                "thanks": {
                    "name": "symfony/polyfill",
                    "url": "https://github.com/symfony/polyfill"
                }
            },
            "autoload": {
                "files": [
                    "bootstrap.php"
                ],
                "psr-4": {
                    "Symfony\\Polyfill\\Mbstring\\": ""
                }
            },
            "notification-url": "https://packagist.org/downloads/",
            "license": [
                "MIT"
            ],
            "authors": [
                {
                    "name": "Nicolas Grekas",
                    "email": "p@tchwork.com"
                },
                {
                    "name": "Symfony Community",
                    "homepage": "https://symfony.com/contributors"
                }
            ],
            "description": "Symfony polyfill for the Mbstring extension",
            "homepage": "https://symfony.com",
            "keywords": [
                "compatibility",
                "mbstring",
                "polyfill",
                "portable",
                "shim"
            ],
            "support": {
                "source": "https://github.com/symfony/polyfill-mbstring/tree/v1.28.0"
            },
            "funding": [
                {
                    "url": "https://symfony.com/sponsor",
                    "type": "custom"
                },
                {
                    "url": "https://github.com/fabpot",
                    "type": "github"
                },
                {
                    "url": "https://tidelift.com/funding/github/packagist/symfony/symfony",
                    "type": "tidelift"
                }
            ],
            "time": "2023-07-28T09:04:16+00:00"
        },
        {
            "name": "symfony/var-dumper",
            "version": "v6.3.5",
            "source": {
                "type": "git",
                "url": "https://github.com/symfony/var-dumper.git",
                "reference": "3d9999376be5fea8de47752837a3e1d1c5f69ef5"
            },
            "dist": {
                "type": "zip",
                "url": "https://api.github.com/repos/symfony/var-dumper/zipball/3d9999376be5fea8de47752837a3e1d1c5f69ef5",
                "reference": "3d9999376be5fea8de47752837a3e1d1c5f69ef5",
                "shasum": ""
            },
            "require": {
                "php": ">=8.1",
                "symfony/deprecation-contracts": "^2.5|^3",
                "symfony/polyfill-mbstring": "~1.0"
            },
            "conflict": {
                "symfony/console": "<5.4"
            },
            "require-dev": {
                "ext-iconv": "*",
                "symfony/console": "^5.4|^6.0",
                "symfony/http-kernel": "^5.4|^6.0",
                "symfony/process": "^5.4|^6.0",
                "symfony/uid": "^5.4|^6.0",
                "twig/twig": "^2.13|^3.0.4"
            },
            "bin": [
                "Resources/bin/var-dump-server"
            ],
            "type": "library",
            "autoload": {
                "files": [
                    "Resources/functions/dump.php"
                ],
                "psr-4": {
                    "Symfony\\Component\\VarDumper\\": ""
                },
                "exclude-from-classmap": [
                    "/Tests/"
                ]
            },
            "notification-url": "https://packagist.org/downloads/",
            "license": [
                "MIT"
            ],
            "authors": [
                {
                    "name": "Nicolas Grekas",
                    "email": "p@tchwork.com"
                },
                {
                    "name": "Symfony Community",
                    "homepage": "https://symfony.com/contributors"
                }
            ],
            "description": "Provides mechanisms for walking through any arbitrary PHP variable",
            "homepage": "https://symfony.com",
            "keywords": [
                "debug",
                "dump"
            ],
            "support": {
                "source": "https://github.com/symfony/var-dumper/tree/v6.3.5"
            },
            "funding": [
                {
                    "url": "https://symfony.com/sponsor",
                    "type": "custom"
                },
                {
                    "url": "https://github.com/fabpot",
                    "type": "github"
                },
                {
                    "url": "https://tidelift.com/funding/github/packagist/symfony/symfony",
                    "type": "tidelift"
                }
            ],
            "time": "2023-09-12T10:11:35+00:00"
        }
    ],
    "aliases": [],
    "minimum-stability": "stable",
    "stability-flags": [],
    "prefer-stable": false,
    "prefer-lowest": false,
    "platform": {
        "php": "^8.2"
    },
    "platform-dev": [],
    "plugin-api-version": "2.6.0"
}
